
Microsoft Visual Studio Solution File, Format Version 12.00
# Visual Studio Version 16
VisualStudioVersion = 16.0.29009.5
MinimumVisualStudioVersion = 10.0.40219.1
Project("{FAE04EC0-301F-11D3-BF4B-00C04F79EFBC}") = "Wikiled.Invoices", "Wikiled.Invoices\Wikiled.Invoices.csproj", "{51690311-0F3E-4C13-A363-6BEE7B59D8DF}"
EndProject
Project("{FAE04EC0-301F-11D3-BF4B-00C04F79EFBC}") = "Wikiled.Invoices.Tests", "Wikiled.Invoices.Tests\Wikiled.Invoices.Tests.csproj", "{B8C2692A-E70E-4C30-8581-6B93063EE51B}"
EndProject
Global
	GlobalSection(SolutionConfigurationPlatforms) = preSolution
		Debug|Any CPU = Debug|Any CPU
		Release|Any CPU = Release|Any CPU
	EndGlobalSection
	GlobalSection(ProjectConfigurationPlatforms) = postSolution
		{51690311-0F3E-4C13-A363-6BEE7B59D8DF}.Debug|Any CPU.ActiveCfg = Debug|Any CPU
		{51690311-0F3E-4C13-A363-6BEE7B59D8DF}.Debug|Any CPU.Build.0 = Debug|Any CPU
		{51690311-0F3E-4C13-A363-6BEE7B59D8DF}.Release|Any CPU.ActiveCfg = Release|Any CPU
		{51690311-0F3E-4C13-A363-6BEE7B59D8DF}.Release|Any CPU.Build.0 = Release|Any CPU
		{B8C2692A-E70E-4C30-8581-6B93063EE51B}.Debug|Any CPU.ActiveCfg = Debug|Any CPU
		{B8C2692A-E70E-4C30-8581-6B93063EE51B}.Debug|Any CPU.Build.0 = Debug|Any CPU
		{B8C2692A-E70E-4C30-8581-6B93063EE51B}.Release|Any CPU.ActiveCfg = Release|Any CPU
		{B8C2692A-E70E-4C30-8581-6B93063EE51B}.Release|Any CPU.Build.0 = Release|Any CPU
	EndGlobalSection
	GlobalSection(SolutionProperties) = preSolution
		HideSolutionNode = FALSE
	EndGlobalSection
	GlobalSection(ExtensibilityGlobals) = postSolution
		SolutionGuid = {39E8BDD9-C0E8-4E74-96F3-45570B565442}
	EndGlobalSection
EndGlobal
